
Microsoft Visual Studio Solution File, Format Version 12.00
# Visual Studio 15
VisualStudioVersion = 15.0.26228.4
MinimumVisualStudioVersion = 10.0.40219.1
Project("{FAE04EC0-301F-11D3-BF4B-00C04F79EFBC}") = "ASP.netDemo", "ASP.netDemo\ASP.netDemo.csproj", "{7453CB47-CF29-49F8-A356-E069D89FC38E}"
EndProject
Project("{FAE04EC0-301F-11D3-BF4B-00C04F79EFBC}") = "ASP.netDemo.Tests", "ASP.netDemo.Tests\ASP.netDemo.Tests.csproj", "{07173EC8-39FC-46BE-90E1-394B71843917}"
EndProject
Global
	GlobalSection(SolutionConfigurationPlatforms) = preSolution
		Debug|Any CPU = Debug|Any CPU
		Release|Any CPU = Release|Any CPU
	EndGlobalSection
	GlobalSection(ProjectConfigurationPlatforms) = postSolution
		{7453CB47-CF29-49F8-A356-E069D89FC38E}.Debug|Any CPU.ActiveCfg = Debug|Any CPU
		{7453CB47-CF29-49F8-A356-E069D89FC38E}.Debug|Any CPU.Build.0 = Debug|Any CPU
		{7453CB47-CF29-49F8-A356-E069D89FC38E}.Release|Any CPU.ActiveCfg = Release|Any CPU
		{7453CB47-CF29-49F8-A356-E069D89FC38E}.Release|Any CPU.Build.0 = Release|Any CPU
		{07173EC8-39FC-46BE-90E1-394B71843917}.Debug|Any CPU.ActiveCfg = Debug|Any CPU
		{07173EC8-39FC-46BE-90E1-394B71843917}.Debug|Any CPU.Build.0 = Debug|Any CPU
		{07173EC8-39FC-46BE-90E1-394B71843917}.Release|Any CPU.ActiveCfg = Release|Any CPU
		{07173EC8-39FC-46BE-90E1-394B71843917}.Release|Any CPU.Build.0 = Release|Any CPU
	EndGlobalSection
	GlobalSection(SolutionProperties) = preSolution
		HideSolutionNode = FALSE
	EndGlobalSection
EndGlobal
